Microsoft Visual Studio Solution File, Format Version 12.00
# Visual Studio Version 17
VisualStudioVersion = 17.5.2.0
MinimumVisualStudioVersion = 10.0.40219.1
Project("{FAE04EC0-301F-11D3-BF4B-00C04F79EFBC}") = "AE1", "AE1.csproj", "{49409D27-E538-E001-51E0-98A2C9CC25B5}"
EndProject
Project("{FAE04EC0-301F-11D3-BF4B-00C04F79EFBC}") = "Lect8", "..\..\week8\Lect8\Lect8.csproj", "{1EA67AEE-6F7C-4D0E-8D31-919478330340}"
EndProject
Global
	GlobalSection(SolutionConfigurationPlatforms) = preSolution
		Debug|Any CPU = Debug|Any CPU
		Release|Any CPU = Release|Any CPU
	EndGlobalSection
	GlobalSection(ProjectConfigurationPlatforms) = postSolution
		{49409D27-E538-E001-51E0-98A2C9CC25B5}.Debug|Any CPU.ActiveCfg = Debug|Any CPU
		{49409D27-E538-E001-51E0-98A2C9CC25B5}.Debug|Any CPU.Build.0 = Debug|Any CPU
		{49409D27-E538-E001-51E0-98A2C9CC25B5}.Release|Any CPU.ActiveCfg = Release|Any CPU
		{49409D27-E538-E001-51E0-98A2C9CC25B5}.Release|Any CPU.Build.0 = Release|Any CPU
		{1EA67AEE-6F7C-4D0E-8D31-919478330340}.Debug|Any CPU.ActiveCfg = Debug|Any CPU
		{1EA67AEE-6F7C-4D0E-8D31-919478330340}.Debug|Any CPU.Build.0 = Debug|Any CPU
		{1EA67AEE-6F7C-4D0E-8D31-919478330340}.Release|Any CPU.ActiveCfg = Release|Any CPU
		{1EA67AEE-6F7C-4D0E-8D31-919478330340}.Release|Any CPU.Build.0 = Release|Any CPU
	EndGlobalSection
	GlobalSection(SolutionProperties) = preSolution
		HideSolutionNode = FALSE
	EndGlobalSection
	GlobalSection(ExtensibilityGlobals) = postSolution
		SolutionGuid = {9B698FDC-119A-4E19-A538-D4E72778FFC0}
	EndGlobalSection
EndGlobal
