
Microsoft Visual Studio Solution File, Format Version 12.00
# Visual Studio Version 17
VisualStudioVersion = 17.0.31903.59
MinimumVisualStudioVersion = 10.0.40219.1
Project("{FAE04EC0-301F-11D3-BF4B-00C04F79EFBC}") = "Lect5", "Lect5\Lect5.csproj", "{1878A255-C25A-461F-A087-238405AFEC49}"
EndProject
Project("{FAE04EC0-301F-11D3-BF4B-00C04F79EFBC}") = "Lect5_Activity", "Lect5_Activity\Lect5_Activity.csproj", "{8164F231-83F2-45BC-83E9-2A4019A86A19}"
EndProject
Global
	GlobalSection(SolutionConfigurationPlatforms) = preSolution
		Debug|Any CPU = Debug|Any CPU
		Release|Any CPU = Release|Any CPU
	EndGlobalSection
	GlobalSection(SolutionProperties) = preSolution
		HideSolutionNode = FALSE
	EndGlobalSection
	GlobalSection(ProjectConfigurationPlatforms) = postSolution
		{1878A255-C25A-461F-A087-238405AFEC49}.Debug|Any CPU.ActiveCfg = Debug|Any CPU
		{1878A255-C25A-461F-A087-238405AFEC49}.Debug|Any CPU.Build.0 = Debug|Any CPU
		{1878A255-C25A-461F-A087-238405AFEC49}.Release|Any CPU.ActiveCfg = Release|Any CPU
		{1878A255-C25A-461F-A087-238405AFEC49}.Release|Any CPU.Build.0 = Release|Any CPU
		{8164F231-83F2-45BC-83E9-2A4019A86A19}.Debug|Any CPU.ActiveCfg = Debug|Any CPU
		{8164F231-83F2-45BC-83E9-2A4019A86A19}.Debug|Any CPU.Build.0 = Debug|Any CPU
		{8164F231-83F2-45BC-83E9-2A4019A86A19}.Release|Any CPU.ActiveCfg = Release|Any CPU
		{8164F231-83F2-45BC-83E9-2A4019A86A19}.Release|Any CPU.Build.0 = Release|Any CPU
	EndGlobalSection
EndGlobal
