Microsoft Visual Studio Solution File, Format Version 12.00
# Visual Studio Version 17
VisualStudioVersion = 17.5.2.0
MinimumVisualStudioVersion = 10.0.40219.1
Project("{FAE04EC0-301F-11D3-BF4B-00C04F79EFBC}") = "Lect6", "Lect6.csproj", "{8857C258-04E0-270A-6D89-447A5C079BC0}"
EndProject
Project("{FAE04EC0-301F-11D3-BF4B-00C04F79EFBC}") = "Lab6", "..\Lab6\Lab6.csproj", "{9FA9B095-546A-49E0-94D0-38DEBE27C6B7}"
EndProject
Global
	GlobalSection(SolutionConfigurationPlatforms) = preSolution
		Debug|Any CPU = Debug|Any CPU
		Release|Any CPU = Release|Any CPU
	EndGlobalSection
	GlobalSection(ProjectConfigurationPlatforms) = postSolution
		{8857C258-04E0-270A-6D89-447A5C079BC0}.Debug|Any CPU.ActiveCfg = Debug|Any CPU
		{8857C258-04E0-270A-6D89-447A5C079BC0}.Debug|Any CPU.Build.0 = Debug|Any CPU
		{8857C258-04E0-270A-6D89-447A5C079BC0}.Release|Any CPU.ActiveCfg = Release|Any CPU
		{8857C258-04E0-270A-6D89-447A5C079BC0}.Release|Any CPU.Build.0 = Release|Any CPU
		{9FA9B095-546A-49E0-94D0-38DEBE27C6B7}.Debug|Any CPU.ActiveCfg = Debug|Any CPU
		{9FA9B095-546A-49E0-94D0-38DEBE27C6B7}.Debug|Any CPU.Build.0 = Debug|Any CPU
		{9FA9B095-546A-49E0-94D0-38DEBE27C6B7}.Release|Any CPU.ActiveCfg = Release|Any CPU
		{9FA9B095-546A-49E0-94D0-38DEBE27C6B7}.Release|Any CPU.Build.0 = Release|Any CPU
	EndGlobalSection
	GlobalSection(SolutionProperties) = preSolution
		HideSolutionNode = FALSE
	EndGlobalSection
	GlobalSection(ExtensibilityGlobals) = postSolution
		SolutionGuid = {760AB90F-329B-4C99-B9AE-663D0921B6F1}
	EndGlobalSection
EndGlobal
