
Microsoft Visual Studio Solution File, Format Version 12.00
# Visual Studio Version 17
VisualStudioVersion = 17.0.31903.59
MinimumVisualStudioVersion = 10.0.40219.1
Project("{FAE04EC0-301F-11D3-BF4B-00C04F79EFBC}") = "ConsoleApp1", "ConsoleApp1\ConsoleApp1.csproj", "{02D5D122-B256-4491-8DB5-49AC6DE88129}"
EndProject
Project("{FAE04EC0-301F-11D3-BF4B-00C04F79EFBC}") = "observer_demo", "..\observer_demo\observer_demo.csproj", "{A34E404E-4A01-4457-8910-4EB4D2E5C296}"
EndProject
Global
	GlobalSection(SolutionConfigurationPlatforms) = preSolution
		Debug|Any CPU = Debug|Any CPU
		Release|Any CPU = Release|Any CPU
	EndGlobalSection
	GlobalSection(SolutionProperties) = preSolution
		HideSolutionNode = FALSE
	EndGlobalSection
	GlobalSection(ProjectConfigurationPlatforms) = postSolution
		{02D5D122-B256-4491-8DB5-49AC6DE88129}.Debug|Any CPU.ActiveCfg = Debug|Any CPU
		{02D5D122-B256-4491-8DB5-49AC6DE88129}.Debug|Any CPU.Build.0 = Debug|Any CPU
		{02D5D122-B256-4491-8DB5-49AC6DE88129}.Release|Any CPU.ActiveCfg = Release|Any CPU
		{02D5D122-B256-4491-8DB5-49AC6DE88129}.Release|Any CPU.Build.0 = Release|Any CPU
		{A34E404E-4A01-4457-8910-4EB4D2E5C296}.Debug|Any CPU.ActiveCfg = Debug|Any CPU
		{A34E404E-4A01-4457-8910-4EB4D2E5C296}.Debug|Any CPU.Build.0 = Debug|Any CPU
		{A34E404E-4A01-4457-8910-4EB4D2E5C296}.Release|Any CPU.ActiveCfg = Release|Any CPU
		{A34E404E-4A01-4457-8910-4EB4D2E5C296}.Release|Any CPU.Build.0 = Release|Any CPU
	EndGlobalSection
EndGlobal
