Microsoft Visual Studio Solution File, Format Version 12.00
# Visual Studio Version 17
VisualStudioVersion = 17.5.2.0
MinimumVisualStudioVersion = 10.0.40219.1
Project("{FAE04EC0-301F-11D3-BF4B-00C04F79EFBC}") = "Lect5_Activity", "Lect5_Activity.csproj", "{7C854FDF-EC08-C614-E382-411F25C4C2C8}"
EndProject
Project("{FAE04EC0-301F-11D3-BF4B-00C04F79EFBC}") = "Lab5_Task2", "..\Lab5_Task2\Lab5_Task2.csproj", "{9764A902-D5DE-4D77-A129-4C4DABBB064A}"
EndProject
Global
	GlobalSection(SolutionConfigurationPlatforms) = preSolution
		Debug|Any CPU = Debug|Any CPU
		Release|Any CPU = Release|Any CPU
	EndGlobalSection
	GlobalSection(ProjectConfigurationPlatforms) = postSolution
		{7C854FDF-EC08-C614-E382-411F25C4C2C8}.Debug|Any CPU.ActiveCfg = Debug|Any CPU
		{7C854FDF-EC08-C614-E382-411F25C4C2C8}.Debug|Any CPU.Build.0 = Debug|Any CPU
		{7C854FDF-EC08-C614-E382-411F25C4C2C8}.Release|Any CPU.ActiveCfg = Release|Any CPU
		{7C854FDF-EC08-C614-E382-411F25C4C2C8}.Release|Any CPU.Build.0 = Release|Any CPU
		{9764A902-D5DE-4D77-A129-4C4DABBB064A}.Debug|Any CPU.ActiveCfg = Debug|Any CPU
		{9764A902-D5DE-4D77-A129-4C4DABBB064A}.Debug|Any CPU.Build.0 = Debug|Any CPU
		{9764A902-D5DE-4D77-A129-4C4DABBB064A}.Release|Any CPU.ActiveCfg = Release|Any CPU
		{9764A902-D5DE-4D77-A129-4C4DABBB064A}.Release|Any CPU.Build.0 = Release|Any CPU
	EndGlobalSection
	GlobalSection(SolutionProperties) = preSolution
		HideSolutionNode = FALSE
	EndGlobalSection
	GlobalSection(ExtensibilityGlobals) = postSolution
		SolutionGuid = {6DAE4896-D461-42E7-ADDC-D8A4BA1A59E6}
	EndGlobalSection
EndGlobal
